// !$*UTF8*$!
{
	archiveVersion = 1;
	classes = {
	};
	objectVersion = 50;
	objects = {

/* Begin PBXBuildFile section */
		9437A3922497BC5A002A8F18 /* AppDelegate.swift in Sources */ = {isa = PBXBuildFile; fileRef = 9437A3912497BC5A002A8F18 /* AppDelegate.swift */; };
		9437A3962497BC5A002A8F18 /* ViewController.swift in Sources */ = {isa = PBXBuildFile; fileRef = 9437A3952497BC5A002A8F18 /* ViewController.swift */; };
		9437A3992497BC5A002A8F18 /* Main.storyboard in Resources */ = {isa = PBXBuildFile; fileRef = 9437A3972497BC5A002A8F18 /* Main.storyboard */; };
		9437A39B2497BC5E002A8F18 /* Assets.xcassets in Resources */ = {isa = PBXBuildFile; fileRef = 9437A39A2497BC5E002A8F18 /* Assets.xcassets */; };
		9437A39E2497BC5E002A8F18 /* LaunchScreen.storyboard in Resources */ = {isa = PBXBuildFile; fileRef = 9437A39C2497BC5E002A8F18 /* LaunchScreen.storyboard */; };
		9437A3A92497BC5E002A8F18 /* MarvelHeroesTests.swift in Sources */ = {isa = PBXBuildFile; fileRef = 9437A3A82497BC5E002A8F18 /* MarvelHeroesTests.swift */; };
		9437A3B42497BC5E002A8F18 /* MarvelHeroesUITests.swift in Sources */ = {isa = PBXBuildFile; fileRef = 9437A3B32497BC5E002A8F18 /* MarvelHeroesUITests.swift */; };
		94B160212497BE5500E22EB0 /* README.MD in Resources */ = {isa = PBXBuildFile; fileRef = 94B160202497BE5500E22EB0 /* README.MD */; };
/* End PBXBuildFile section */

/* Begin PBXContainerItemProxy section */
		9437A3A52497BC5E002A8F18 /* PBXContainerItemProxy */ = {
			isa = PBXContainerItemProxy;
			containerPortal = 9437A3862497BC5A002A8F18 /* Project object */;
			proxyType = 1;
			remoteGlobalIDString = 9437A38D2497BC5A002A8F18;
			remoteInfo = MarvelHeroes;
		};
		9437A3B02497BC5E002A8F18 /* PBXContainerItemProxy */ = {
			isa = PBXContainerItemProxy;
			containerPortal = 9437A3862497BC5A002A8F18 /* Project object */;
			proxyType = 1;
			remoteGlobalIDString = 9437A38D2497BC5A002A8F18;
			remoteInfo = MarvelHeroes;
		};
/* End PBXContainerItemProxy section */

/* Begin PBXFileReference section */
		9437A38E2497BC5A002A8F18 /* MarvelHeroes.app */ = {isa = PBXFileReference; explicitFileType = wrapper.application; includeInIndex = 0; path = MarvelHeroes.app; sourceTree = BUILT_PRODUCTS_DIR; };
		9437A3912497BC5A002A8F18 /* AppDelegate.swift */ = {isa = PBXFileReference; lastKnownFileType = sourcecode.swift; path = AppDelegate.swift; sourceTree = "<group>"; };
		9437A3952497BC5A002A8F18 /* ViewController.swift */ = {isa = PBXFileReference; lastKnownFileType = sourcecode.swift; path = ViewController.swift; sourceTree = "<group>"; };
		9437A3982497BC5A002A8F18 /* Base */ = {isa = PBXFileReference; lastKnownFileType = file.storyboard; name = Base; path = Base.lproj/Main.storyboard; sourceTree = "<group>"; };
		9437A39A2497BC5E002A8F18 /* Assets.xcassets */ = {isa = PBXFileReference; lastKnownFileType = folder.assetcatalog; path = Assets.xcassets; sourceTree = "<group>"; };
		9437A39D2497BC5E002A8F18 /* Base */ = {isa = PBXFileReference; lastKnownFileType = file.storyboard; name = Base; path = Base.lproj/LaunchScreen.storyboard; sourceTree = "<group>"; };
		9437A39F2497BC5E002A8F18 /* Info.plist */ = {isa = PBXFileReference; lastKnownFileType = text.plist.xml; path = Info.plist; sourceTree = "<group>"; };
		9437A3A42497BC5E002A8F18 /* MarvelHeroesTests.xctest */ = {isa = PBXFileReference; explicitFileType = wrapper.cfbundle; includeInIndex = 0; path = MarvelHeroesTests.xctest; sourceTree = BUILT_PRODUCTS_DIR; };
		9437A3A82497BC5E002A8F18 /* MarvelHeroesTests.swift */ = {isa = PBXFileReference; lastKnownFileType = sourcecode.swift; path = MarvelHeroesTests.swift; sourceTree = "<group>"; };
		9437A3AA2497BC5E002A8F18 /* Info.plist */ = {isa = PBXFileReference; lastKnownFileType = text.plist.xml; path = Info.plist; sourceTree = "<group>"; };
		9437A3AF2497BC5E002A8F18 /* MarvelHeroesUITests.xctest */ = {isa = PBXFileReference; explicitFileType = wrapper.cfbundle; includeInIndex = 0; path = MarvelHeroesUITests.xctest; sourceTree = BUILT_PRODUCTS_DIR; };
		9437A3B32497BC5E002A8F18 /* MarvelHeroesUITests.swift */ = {isa = PBXFileReference; lastKnownFileType = sourcecode.swift; path = MarvelHeroesUITests.swift; sourceTree = "<group>"; };
		9437A3B52497BC5E002A8F18 /* Info.plist */ = {isa = PBXFileReference; lastKnownFileType = text.plist.xml; path = Info.plist; sourceTree = "<group>"; };
		94B160202497BE5500E22EB0 /* README.MD */ = {isa = PBXFileReference; fileEncoding = 4; lastKnownFileType = net.daringfireball.markdown; path = README.MD; sourceTree = "<group>"; };
/* End PBXFileReference section */

/* Begin PBXFrameworksBuildPhase section */
		9437A38B2497BC5A002A8F18 /* Frameworks */ = {
			isa = PBXFrameworksBuildPhase;
			buildActionMask = 2147483647;
			files = (
			);
			runOnlyForDeploymentPostprocessing = 0;
		};
		9437A3A12497BC5E002A8F18 /* Frameworks */ = {
			isa = PBXFrameworksBuildPhase;
			buildActionMask = 2147483647;
			files = (
			);
			runOnlyForDeploymentPostprocessing = 0;
		};
		9437A3AC2497BC5E002A8F18 /* Frameworks */ = {
			isa = PBXFrameworksBuildPhase;
			buildActionMask = 2147483647;
			files = (
			);
			runOnlyForDeploymentPostprocessing = 0;
		};
/* End PBXFrameworksBuildPhase section */

/* Begin PBXGroup section */
		9437A3852497BC5A002A8F18 = {
			isa = PBXGroup;
			children = (
				94B160202497BE5500E22EB0 /* README.MD */,
				9437A3902497BC5A002A8F18 /* MarvelHeroes */,
				9437A3A72497BC5E002A8F18 /* MarvelHeroesTests */,
				9437A3B22497BC5E002A8F18 /* MarvelHeroesUITests */,
				9437A38F2497BC5A002A8F18 /* Products */,
			);
			sourceTree = "<group>";
		};
		9437A38F2497BC5A002A8F18 /* Products */ = {
			isa = PBXGroup;
			children = (
				9437A38E2497BC5A002A8F18 /* MarvelHeroes.app */,
				9437A3A42497BC5E002A8F18 /* MarvelHeroesTests.xctest */,
				9437A3AF2497BC5E002A8F18 /* MarvelHeroesUITests.xctest */,
			);
			name = Products;
			sourceTree = "<group>";
		};
		9437A3902497BC5A002A8F18 /* MarvelHeroes */ = {
			isa = PBXGroup;
			children = (
				9437A3912497BC5A002A8F18 /* AppDelegate.swift */,
				9437A3952497BC5A002A8F18 /* ViewController.swift */,
				9437A3972497BC5A002A8F18 /* Main.storyboard */,
				9437A39C2497BC5E002A8F18 /* LaunchScreen.storyboard */,
				9437A39A2497BC5E002A8F18 /* Assets.xcassets */,
				9437A39F2497BC5E002A8F18 /* Info.plist */,
			);
			path = MarvelHeroes;
			sourceTree = "<group>";
		};
		9437A3A72497BC5E002A8F18 /* MarvelHeroesTests */ = {
			isa = PBXGroup;
			children = (
				9437A3A82497BC5E002A8F18 /* MarvelHeroesTests.swift */,
				9437A3AA2497BC5E002A8F18 /* Info.plist */,
			);
			path = MarvelHeroesTests;
			sourceTree = "<group>";
		};
		9437A3B22497BC5E002A8F18 /* MarvelHeroesUITests */ = {
			isa = PBXGroup;
			children = (
				9437A3B32497BC5E002A8F18 /* MarvelHeroesUITests.swift */,
				9437A3B52497BC5E002A8F18 /* Info.plist */,
			);
			path = MarvelHeroesUITests;
			sourceTree = "<group>";
		};
/* End PBXGroup section */

/* Begin PBXNativeTarget section */
		9437A38D2497BC5A002A8F18 /* MarvelHeroes */ = {
			isa = PBXNativeTarget;
			buildConfigurationList = 9437A3B82497BC5E002A8F18 /* Build configuration list for PBXNativeTarget "MarvelHeroes" */;
			buildPhases = (
				9437A38A2497BC5A002A8F18 /* Sources */,
				9437A38B2497BC5A002A8F18 /* Frameworks */,
				9437A38C2497BC5A002A8F18 /* Resources */,
			);
			buildRules = (
			);
			dependencies = (
			);
			name = MarvelHeroes;
			productName = MarvelHeroes;
			productReference = 9437A38E2497BC5A002A8F18 /* MarvelHeroes.app */;
			productType = "com.apple.product-type.application";
		};
		9437A3A32497BC5E002A8F18 /* MarvelHeroesTests */ = {
			isa = PBXNativeTarget;
			buildConfigurationList = 9437A3BB2497BC5E002A8F18 /* Build configuration list for PBXNativeTarget "MarvelHeroesTests" */;
			buildPhases = (
				9437A3A02497BC5E002A8F18 /* Sources */,
				9437A3A12497BC5E002A8F18 /* Frameworks */,
				9437A3A22497BC5E002A8F18 /* Resources */,
			);
			buildRules = (
			);
			dependencies = (
				9437A3A62497BC5E002A8F18 /* PBXTargetDependency */,
			);
			name = MarvelHeroesTests;
			productName = MarvelHeroesTests;
			productReference = 9437A3A42497BC5E002A8F18 /* MarvelHeroesTests.xctest */;
			productType = "com.apple.product-type.bundle.unit-test";
		};
		9437A3AE2497BC5E002A8F18 /* MarvelHeroesUITests */ = {
			isa = PBXNativeTarget;
			buildConfigurationList = 9437A3BE2497BC5E002A8F18 /* Build configuration list for PBXNativeTarget "MarvelHeroesUITests" */;
			buildPhases = (
				9437A3AB2497BC5E002A8F18 /* Sources */,
				9437A3AC2497BC5E002A8F18 /* Frameworks */,
				9437A3AD2497BC5E002A8F18 /* Resources */,
			);
			buildRules = (
			);
			dependencies = (
				9437A3B12497BC5E002A8F18 /* PBXTargetDependency */,
			);
			name = MarvelHeroesUITests;
			productName = MarvelHeroesUITests;
			productReference = 9437A3AF2497BC5E002A8F18 /* MarvelHeroesUITests.xctest */;
			productType = "com.apple.product-type.bundle.ui-testing";
		};
/* End PBXNativeTarget section */

/* Begin PBXProject section */
		9437A3862497BC5A002A8F18 /* Project object */ = {
			isa = PBXProject;
			attributes = {
				LastSwiftUpdateCheck = 1150;
				LastUpgradeCheck = 1150;
				ORGANIZATIONNAME = "Arturo Carretero Calvo";
				TargetAttributes = {
					9437A38D2497BC5A002A8F18 = {
						CreatedOnToolsVersion = 11.5;
					};
					9437A3A32497BC5E002A8F18 = {
						CreatedOnToolsVersion = 11.5;
						TestTargetID = 9437A38D2497BC5A002A8F18;
					};
					9437A3AE2497BC5E002A8F18 = {
						CreatedOnToolsVersion = 11.5;
						TestTargetID = 9437A38D2497BC5A002A8F18;
					};
				};
			};
			buildConfigurationList = 9437A3892497BC5A002A8F18 /* Build configuration list for PBXProject "MarvelHeroes" */;
			compatibilityVersion = "Xcode 9.3";
			developmentRegion = en;
			hasScannedForEncodings = 0;
			knownRegions = (
				en,
				Base,
			);
			mainGroup = 9437A3852497BC5A002A8F18;
			productRefGroup = 9437A38F2497BC5A002A8F18 /* Products */;
			projectDirPath = "";
			projectRoot = "";
			targets = (
				9437A38D2497BC5A002A8F18 /* MarvelHeroes */,
				9437A3A32497BC5E002A8F18 /* MarvelHeroesTests */,
				9437A3AE2497BC5E002A8F18 /* MarvelHeroesUITests */,
			);
		};
/* End PBXProject section */

/* Begin PBXResourcesBuildPhase section */
		9437A38C2497BC5A002A8F18 /* Resources */ = {
			isa = PBXResourcesBuildPhase;
			buildActionMask = 2147483647;
			files = (
				9437A39E2497BC5E002A8F18 /* LaunchScreen.storyboard in Resources */,
				9437A39B2497BC5E002A8F18 /* Assets.xcassets in Resources */,
				94B160212497BE5500E22EB0 /* README.MD in Resources */,
				9437A3992497BC5A002A8F18 /* Main.storyboard in Resources */,
			);
			runOnlyForDeploymentPostprocessing = 0;
		};
		9437A3A22497BC5E002A8F18 /* Resources */ = {
			isa = PBXResourcesBuildPhase;
			buildActionMask = 2147483647;
			files = (
			);
			runOnlyForDeploymentPostprocessing = 0;
		};
		9437A3AD2497BC5E002A8F18 /* Resources */ = {
			isa = PBXResourcesBuildPhase;
			buildActionMask = 2147483647;
			files = (
			);
			runOnlyForDeploymentPostprocessing = 0;
		};
/* End PBXResourcesBuildPhase section */

/* Begin PBXSourcesBuildPhase section */
		9437A38A2497BC5A002A8F18 /* Sources */ = {
			isa = PBXSourcesBuildPhase;
			buildActionMask = 2147483647;
			files = (
				9437A3962497BC5A002A8F18 /* ViewController.swift in Sources */,
				9437A3922497BC5A002A8F18 /* AppDelegate.swift in Sources */,
			);
			runOnlyForDeploymentPostprocessing = 0;
		};
		9437A3A02497BC5E002A8F18 /* Sources */ = {
			isa = PBXSourcesBuildPhase;
			buildActionMask = 2147483647;
			files = (
				9437A3A92497BC5E002A8F18 /* MarvelHeroesTests.swift in Sources */,
			);
			runOnlyForDeploymentPostprocessing = 0;
		};
		9437A3AB2497BC5E002A8F18 /* Sources */ = {
			isa = PBXSourcesBuildPhase;
			buildActionMask = 2147483647;
			files = (
				9437A3B42497BC5E002A8F18 /* MarvelHeroesUITests.swift in Sources */,
			);
			runOnlyForDeploymentPostprocessing = 0;
		};
/* End PBXSourcesBuildPhase section */

/* Begin PBXTargetDependency section */
		9437A3A62497BC5E002A8F18 /* PBXTargetDependency */ = {
			isa = PBXTargetDependency;
			target = 9437A38D2497BC5A002A8F18 /* MarvelHeroes */;
			targetProxy = 9437A3A52497BC5E002A8F18 /* PBXContainerItemProxy */;
		};
		9437A3B12497BC5E002A8F18 /* PBXTargetDependency */ = {
			isa = PBXTargetDependency;
			target = 9437A38D2497BC5A002A8F18 /* MarvelHeroes */;
			targetProxy = 9437A3B02497BC5E002A8F18 /* PBXContainerItemProxy */;
		};
/* End PBXTargetDependency section */

/* Begin PBXVariantGroup section */
		9437A3972497BC5A002A8F18 /* Main.storyboard */ = {
			isa = PBXVariantGroup;
			children = (
				9437A3982497BC5A002A8F18 /* Base */,
			);
			name = Main.storyboard;
			sourceTree = "<group>";
		};
		9437A39C2497BC5E002A8F18 /* LaunchScreen.storyboard */ = {
			isa = PBXVariantGroup;
			children = (
				9437A39D2497BC5E002A8F18 /* Base */,
			);
			name = LaunchScreen.storyboard;
			sourceTree = "<group>";
		};
/* End PBXVariantGroup section */

/* Begin XCBuildConfiguration section */
		9437A3B62497BC5E002A8F18 /* Debug */ = {
			isa = XCBuildConfiguration;
			buildSettings = {
				ALWAYS_SEARCH_USER_PATHS = NO;
				CLANG_ANALYZER_NONNULL = YES;
				CLANG_ANALYZER_NUMBER_OBJECT_CONVERSION = YES_AGGRESSIVE;
				CLANG_CXX_LANGUAGE_STANDARD = "gnu++14";
				CLANG_CXX_LIBRARY = "libc++";
				CLANG_ENABLE_MODULES = YES;
				CLANG_ENABLE_OBJC_ARC = YES;
				CLANG_ENABLE_OBJC_WEAK = YES;
				CLANG_WARN_BLOCK_CAPTURE_AUTORELEASING = YES;
				CLANG_WARN_BOOL_CONVERSION = YES;
				CLANG_WARN_COMMA = YES;
				CLANG_WARN_CONSTANT_CONVERSION = YES;
				CLANG_WARN_DEPRECATED_OBJC_IMPLEMENTATIONS = YES;
				CLANG_WARN_DIRECT_OBJC_ISA_USAGE = YES_ERROR;
				CLANG_WARN_DOCUMENTATION_COMMENTS = YES;
				CLANG_WARN_EMPTY_BODY = YES;
				CLANG_WARN_ENUM_CONVERSION = YES;
				CLANG_WARN_INFINITE_RECURSION = YES;
				CLANG_WARN_INT_CONVERSION = YES;
				CLANG_WARN_NON_LITERAL_NULL_CONVERSION = YES;
				CLANG_WARN_OBJC_IMPLICIT_RETAIN_SELF = YES;
				CLANG_WARN_OBJC_LITERAL_CONVERSION = YES;
				CLANG_WARN_OBJC_ROOT_CLASS = YES_ERROR;
				CLANG_WARN_RANGE_LOOP_ANALYSIS = YES;
				CLANG_WARN_STRICT_PROTOTYPES = YES;
				CLANG_WARN_SUSPICIOUS_MOVE = YES;
				CLANG_WARN_UNGUARDED_AVAILABILITY = YES_AGGRESSIVE;
				CLANG_WARN_UNREACHABLE_CODE = YES;
				CLANG_WARN__DUPLICATE_METHOD_MATCH = YES;
				COPY_PHASE_STRIP = NO;
				DEBUG_INFORMATION_FORMAT = dwarf;
				ENABLE_STRICT_OBJC_MSGSEND = YES;
				ENABLE_TESTABILITY = YES;
				GCC_C_LANGUAGE_STANDARD = gnu11;
				GCC_DYNAMIC_NO_PIC = NO;
				GCC_NO_COMMON_BLOCKS = YES;
				GCC_OPTIMIZATION_LEVEL = 0;
				GCC_PREPROCESSOR_DEFINITIONS = (
					"DEBUG=1",
					"$(inherited)",
				);
				GCC_WARN_64_TO_32_BIT_CONVERSION = YES;
				GCC_WARN_ABOUT_RETURN_TYPE = YES_ERROR;
				GCC_WARN_UNDECLARED_SELECTOR = YES;
				GCC_WARN_UNINITIALIZED_AUTOS = YES_AGGRESSIVE;
				GCC_WARN_UNUSED_FUNCTION = YES;
				GCC_WARN_UNUSED_VARIABLE = YES;
				IPHONEOS_DEPLOYMENT_TARGET = 13.5;
				MTL_ENABLE_DEBUG_INFO = INCLUDE_SOURCE;
				MTL_FAST_MATH = YES;
				ONLY_ACTIVE_ARCH = YES;
				SDKROOT = iphoneos;
				SWIFT_ACTIVE_COMPILATION_CONDITIONS = DEBUG;
				SWIFT_OPTIMIZATION_LEVEL = "-Onone";
			};
			name = Debug;
		};
		9437A3B72497BC5E002A8F18 /* Release */ = {
			isa = XCBuildConfiguration;
			buildSettings = {
				ALWAYS_SEARCH_USER_PATHS = NO;
				CLANG_ANALYZER_NONNULL = YES;
				CLANG_ANALYZER_NUMBER_OBJECT_CONVERSION = YES_AGGRESSIVE;
				CLANG_CXX_LANGUAGE_STANDARD = "gnu++14";
				CLANG_CXX_LIBRARY = "libc++";
				CLANG_ENABLE_MODULES = YES;
				CLANG_ENABLE_OBJC_ARC = YES;
				CLANG_ENABLE_OBJC_WEAK = YES;
				CLANG_WARN_BLOCK_CAPTURE_AUTORELEASING = YES;
				CLANG_WARN_BOOL_CONVERSION = YES;
				CLANG_WARN_COMMA = YES;
				CLANG_WARN_CONSTANT_CONVERSION = YES;
				CLANG_WARN_DEPRECATED_OBJC_IMPLEMENTATIONS = YES;
				CLANG_WARN_DIRECT_OBJC_ISA_USAGE = YES_ERROR;
				CLANG_WARN_DOCUMENTATION_COMMENTS = YES;
				CLANG_WARN_EMPTY_BODY = YES;
				CLANG_WARN_ENUM_CONVERSION = YES;
				CLANG_WARN_INFINITE_RECURSION = YES;
				CLANG_WARN_INT_CONVERSION = YES;
				CLANG_WARN_NON_LITERAL_NULL_CONVERSION = YES;
				CLANG_WARN_OBJC_IMPLICIT_RETAIN_SELF = YES;
				CLANG_WARN_OBJC_LITERAL_CONVERSION = YES;
				CLANG_WARN_OBJC_ROOT_CLASS = YES_ERROR;
				CLANG_WARN_RANGE_LOOP_ANALYSIS = YES;
				CLANG_WARN_STRICT_PROTOTYPES = YES;
				CLANG_WARN_SUSPICIOUS_MOVE = YES;
				CLANG_WARN_UNGUARDED_AVAILABILITY = YES_AGGRESSIVE;
				CLANG_WARN_UNREACHABLE_CODE = YES;
				CLANG_WARN__DUPLICATE_METHOD_MATCH = YES;
				COPY_PHASE_STRIP = NO;
				DEBUG_INFORMATION_FORMAT = "dwarf-with-dsym";
				ENABLE_NS_ASSERTIONS = NO;
				ENABLE_STRICT_OBJC_MSGSEND = YES;
				GCC_C_LANGUAGE_STANDARD = gnu11;
				GCC_NO_COMMON_BLOCKS = YES;
				GCC_WARN_64_TO_32_BIT_CONVERSION = YES;
				GCC_WARN_ABOUT_RETURN_TYPE = YES_ERROR;
				GCC_WARN_UNDECLARED_SELECTOR = YES;
				GCC_WARN_UNINITIALIZED_AUTOS = YES_AGGRESSIVE;
				GCC_WARN_UNUSED_FUNCTION = YES;
				GCC_WARN_UNUSED_VARIABLE = YES;
				IPHONEOS_DEPLOYMENT_TARGET = 13.5;
				MTL_ENABLE_DEBUG_INFO = NO;
				MTL_FAST_MATH = YES;
				SDKROOT = iphoneos;
				SWIFT_COMPILATION_MODE = wholemodule;
				SWIFT_OPTIMIZATION_LEVEL = "-O";
				VALIDATE_PRODUCT = YES;
			};
			name = Release;
		};
		9437A3B92497BC5E002A8F18 /* Debug */ = {
			isa = XCBuildConfiguration;
			buildSettings = {
				ASSETCATALOG_COMPILER_APPICON_NAME = AppIcon;
				CODE_SIGN_STYLE = Automatic;
				INFOPLIST_FILE = MarvelHeroes/Info.plist;
				IPHONEOS_DEPLOYMENT_TARGET = 12.0;
				LD_RUNPATH_SEARCH_PATHS = (
					"$(inherited)",
					"@executable_path/Frameworks",
				);
				MARKETING_VERSION = 1.0.0;
				PRODUCT_BUNDLE_IDENTIFIER = com.artcc.MarvelHeroes;
				PRODUCT_NAME = "$(TARGET_NAME)";
				SWIFT_VERSION = 5.0;
				TARGETED_DEVICE_FAMILY = "1,2";
			};
			name = Debug;
		};
		9437A3BA2497BC5E002A8F18 /* Release */ = {
			isa = XCBuildConfiguration;
			buildSettings = {
				ASSETCATALOG_COMPILER_APPICON_NAME = AppIcon;
				CODE_SIGN_STYLE = Automatic;
				INFOPLIST_FILE = MarvelHeroes/Info.plist;
				IPHONEOS_DEPLOYMENT_TARGET = 12.0;
				LD_RUNPATH_SEARCH_PATHS = (
					"$(inherited)",
					"@executable_path/Frameworks",
				);
				MARKETING_VERSION = 1.0.0;
				PRODUCT_BUNDLE_IDENTIFIER = com.artcc.MarvelHeroes;
				PRODUCT_NAME = "$(TARGET_NAME)";
				SWIFT_VERSION = 5.0;
				TARGETED_DEVICE_FAMILY = "1,2";
			};
			name = Release;
		};
		9437A3BC2497BC5E002A8F18 /* Debug */ = {
			isa = XCBuildConfiguration;
			buildSettings = {
				ALWAYS_EMBED_SWIFT_STANDARD_LIBRARIES = YES;
				BUNDLE_LOADER = "$(TEST_HOST)";
				CODE_SIGN_STYLE = Automatic;
				INFOPLIST_FILE = MarvelHeroesTests/Info.plist;
				IPHONEOS_DEPLOYMENT_TARGET = 13.5;
				LD_RUNPATH_SEARCH_PATHS = (
					"$(inherited)",
					"@executable_path/Frameworks",
					"@loader_path/Frameworks",
				);
				PRODUCT_BUNDLE_IDENTIFIER = com.artcc.MarvelHeroesTests;
				PRODUCT_NAME = "$(TARGET_NAME)";
				SWIFT_VERSION = 5.0;
				TARGETED_DEVICE_FAMILY = "1,2";
				TEST_HOST = "$(BUILT_PRODUCTS_DIR)/MarvelHeroes.app/MarvelHeroes";
			};
			name = Debug;
		};
		9437A3BD2497BC5E002A8F18 /* Release */ = {
			isa = XCBuildConfiguration;
			buildSettings = {
				ALWAYS_EMBED_SWIFT_STANDARD_LIBRARIES = YES;
				BUNDLE_LOADER = "$(TEST_HOST)";
				CODE_SIGN_STYLE = Automatic;
				INFOPLIST_FILE = MarvelHeroesTests/Info.plist;
				IPHONEOS_DEPLOYMENT_TARGET = 13.5;
				LD_RUNPATH_SEARCH_PATHS = (
					"$(inherited)",
					"@executable_path/Frameworks",
					"@loader_path/Frameworks",
				);
				PRODUCT_BUNDLE_IDENTIFIER = com.artcc.MarvelHeroesTests;
				PRODUCT_NAME = "$(TARGET_NAME)";
				SWIFT_VERSION = 5.0;
				TARGETED_DEVICE_FAMILY = "1,2";
				TEST_HOST = "$(BUILT_PRODUCTS_DIR)/MarvelHeroes.app/MarvelHeroes";
			};
			name = Release;
		};
		9437A3BF2497BC5E002A8F18 /* Debug */ = {
			isa = XCBuildConfiguration;
			buildSettings = {
				ALWAYS_EMBED_SWIFT_STANDARD_LIBRARIES = YES;
				CODE_SIGN_STYLE = Automatic;
				INFOPLIST_FILE = MarvelHeroesUITests/Info.plist;
				LD_RUNPATH_SEARCH_PATHS = (
					"$(inherited)",
					"@executable_path/Frameworks",
					"@loader_path/Frameworks",
				);
				PRODUCT_BUNDLE_IDENTIFIER = com.artcc.MarvelHeroesUITests;
				PRODUCT_NAME = "$(TARGET_NAME)";
				SWIFT_VERSION = 5.0;
				TARGETED_DEVICE_FAMILY = "1,2";
				TEST_TARGET_NAME = MarvelHeroes;
			};
			name = Debug;
		};
		9437A3C02497BC5E002A8F18 /* Release */ = {
			isa = XCBuildConfiguration;
			buildSettings = {
				ALWAYS_EMBED_SWIFT_STANDARD_LIBRARIES = YES;
				CODE_SIGN_STYLE = Automatic;
				INFOPLIST_FILE = MarvelHeroesUITests/Info.plist;
				LD_RUNPATH_SEARCH_PATHS = (
					"$(inherited)",
					"@executable_path/Frameworks",
					"@loader_path/Frameworks",
				);
				PRODUCT_BUNDLE_IDENTIFIER = com.artcc.MarvelHeroesUITests;
				PRODUCT_NAME = "$(TARGET_NAME)";
				SWIFT_VERSION = 5.0;
				TARGETED_DEVICE_FAMILY = "1,2";
				TEST_TARGET_NAME = MarvelHeroes;
			};
			name = Release;
		};
/* End XCBuildConfiguration section */

/* Begin XCConfigurationList section */
		9437A3892497BC5A002A8F18 /* Build configuration list for PBXProject "MarvelHeroes" */ = {
			isa = XCConfigurationList;
			buildConfigurations = (
				9437A3B62497BC5E002A8F18 /* Debug */,
				9437A3B72497BC5E002A8F18 /* Release */,
			);
			defaultConfigurationIsVisible = 0;
			defaultConfigurationName = Release;
		};
		9437A3B82497BC5E002A8F18 /* Build configuration list for PBXNativeTarget "MarvelHeroes" */ = {
			isa = XCConfigurationList;
			buildConfigurations = (
				9437A3B92497BC5E002A8F18 /* Debug */,
				9437A3BA2497BC5E002A8F18 /* Release */,
			);
			defaultConfigurationIsVisible = 0;
			defaultConfigurationName = Release;
		};
		9437A3BB2497BC5E002A8F18 /* Build configuration list for PBXNativeTarget "MarvelHeroesTests" */ = {
			isa = XCConfigurationList;
			buildConfigurations = (
				9437A3BC2497BC5E002A8F18 /* Debug */,
				9437A3BD2497BC5E002A8F18 /* Release */,
			);
			defaultConfigurationIsVisible = 0;
			defaultConfigurationName = Release;
		};
		9437A3BE2497BC5E002A8F18 /* Build configuration list for PBXNativeTarget "MarvelHeroesUITests" */ = {
			isa = XCConfigurationList;
			buildConfigurations = (
				9437A3BF2497BC5E002A8F18 /* Debug */,
				9437A3C02497BC5E002A8F18 /* Release */,
			);
			defaultConfigurationIsVisible = 0;
			defaultConfigurationName = Release;
		};
/* End XCConfigurationList section */
	};
	rootObject = 9437A3862497BC5A002A8F18 /* Project object */;
}
